// !$*UTF8*$!
{
	archiveVersion = 1;
	classes = {
	};
	objectVersion = 46;
	objects = {

/* Begin PBXBuildFile section */
		E853C7B3F4AE01ED881F1492 /* libPods-MSPChartTesting.a in Frameworks */ = {isa = PBXBuildFile; fileRef = C4F2B77C1E71746E7F97312D /* libPods-MSPChartTesting.a */; };
		EF6CCB21219C793700EF3A87 /* AppDelegate.m in Sources */ = {isa = PBXBuildFile; fileRef = EF6CCB20219C793700EF3A87 /* AppDelegate.m */; };
		EF6CCB24219C793700EF3A87 /* ViewController.m in Sources */ = {isa = PBXBuildFile; fileRef = EF6CCB23219C793700EF3A87 /* ViewController.m */; };
		EF6CCB26219C793800EF3A87 /* Assets.xcassets in Resources */ = {isa = PBXBuildFile; fileRef = EF6CCB25219C793800EF3A87 /* Assets.xcassets */; };
		EF6CCB29219C793800EF3A87 /* Main.storyboard in Resources */ = {isa = PBXBuildFile; fileRef = EF6CCB27219C793800EF3A87 /* Main.storyboard */; };
		EF6CCB2C219C793800EF3A87 /* main.m in Sources */ = {isa = PBXBuildFile; fileRef = EF6CCB2B219C793800EF3A87 /* main.m */; };
/* End PBXBuildFile section */

/* Begin PBXFileReference section */
		8FF729B0B099AC81E05A6B72 /* Pods-MSPChartTesting.release.xcconfig */ = {isa = PBXFileReference; includeInIndex = 1; lastKnownFileType = text.xcconfig; name = "Pods-MSPChartTesting.release.xcconfig"; path = "Target Support Files/Pods-MSPChartTesting/Pods-MSPChartTesting.release.xcconfig"; sourceTree = "<group>"; };
		9298135EED223D51D05C53F7 /* Pods-MSPChartTesting.debug.xcconfig */ = {isa = PBXFileReference; includeInIndex = 1; lastKnownFileType = text.xcconfig; name = "Pods-MSPChartTesting.debug.xcconfig"; path = "Target Support Files/Pods-MSPChartTesting/Pods-MSPChartTesting.debug.xcconfig"; sourceTree = "<group>"; };
		C4F2B77C1E71746E7F97312D /* libPods-MSPChartTesting.a */ = {isa = PBXFileReference; explicitFileType = archive.ar; includeInIndex = 0; path = "libPods-MSPChartTesting.a"; sourceTree = BUILT_PRODUCTS_DIR; };
		EF6CCB1C219C793700EF3A87 /* MSPChartTesting.app */ = {isa = PBXFileReference; explicitFileType = wrapper.application; includeInIndex = 0; path = MSPChartTesting.app; sourceTree = BUILT_PRODUCTS_DIR; };
		EF6CCB1F219C793700EF3A87 /* AppDelegate.h */ = {isa = PBXFileReference; lastKnownFileType = sourcecode.c.h; path = AppDelegate.h; sourceTree = "<group>"; };
		EF6CCB20219C793700EF3A87 /* AppDelegate.m */ = {isa = PBXFileReference; lastKnownFileType = sourcecode.c.objc; path = AppDelegate.m; sourceTree = "<group>"; };
		EF6CCB22219C793700EF3A87 /* ViewController.h */ = {isa = PBXFileReference; lastKnownFileType = sourcecode.c.h; path = ViewController.h; sourceTree = "<group>"; };
		EF6CCB23219C793700EF3A87 /* ViewController.m */ = {isa = PBXFileReference; lastKnownFileType = sourcecode.c.objc; path = ViewController.m; sourceTree = "<group>"; };
		EF6CCB25219C793800EF3A87 /* Assets.xcassets */ = {isa = PBXFileReference; lastKnownFileType = folder.assetcatalog; path = Assets.xcassets; sourceTree = "<group>"; };
		EF6CCB28219C793800EF3A87 /* Base */ = {isa = PBXFileReference; lastKnownFileType = file.storyboard; name = Base; path = Base.lproj/Main.storyboard; sourceTree = "<group>"; };
		EF6CCB2A219C793800EF3A87 /* Info.plist */ = {isa = PBXFileReference; lastKnownFileType = text.plist.xml; path = Info.plist; sourceTree = "<group>"; };
		EF6CCB2B219C793800EF3A87 /* main.m */ = {isa = PBXFileReference; lastKnownFileType = sourcecode.c.objc; path = main.m; sourceTree = "<group>"; };
		EF6CCB2D219C793800EF3A87 /* MSPChartTesting.entitlements */ = {isa = PBXFileReference; lastKnownFileType = text.plist.entitlements; path = MSPChartTesting.entitlements; sourceTree = "<group>"; };
/* End PBXFileReference section */

/* Begin PBXFrameworksBuildPhase section */
		EF6CCB19219C793700EF3A87 /* Frameworks */ = {
			isa = PBXFrameworksBuildPhase;
			buildActionMask = 2147483647;
			files = (
				E853C7B3F4AE01ED881F1492 /* libPods-MSPChartTesting.a in Frameworks */,
			);
			runOnlyForDeploymentPostprocessing = 0;
		};
/* End PBXFrameworksBuildPhase section */

/* Begin PBXGroup section */
		7E696AA40DC4CC3795BB9FAA /* Pods */ = {
			isa = PBXGroup;
			children = (
				9298135EED223D51D05C53F7 /* Pods-MSPChartTesting.debug.xcconfig */,
				8FF729B0B099AC81E05A6B72 /* Pods-MSPChartTesting.release.xcconfig */,
			);
			path = Pods;
			sourceTree = "<group>";
		};
		AD1E73D1A704C867A43A991E /* Frameworks */ = {
			isa = PBXGroup;
			children = (
				C4F2B77C1E71746E7F97312D /* libPods-MSPChartTesting.a */,
			);
			name = Frameworks;
			sourceTree = "<group>";
		};
		EF6CCB13219C793700EF3A87 = {
			isa = PBXGroup;
			children = (
				EF6CCB1E219C793700EF3A87 /* MSPChartTesting */,
				EF6CCB1D219C793700EF3A87 /* Products */,
				7E696AA40DC4CC3795BB9FAA /* Pods */,
				AD1E73D1A704C867A43A991E /* Frameworks */,
			);
			sourceTree = "<group>";
		};
		EF6CCB1D219C793700EF3A87 /* Products */ = {
			isa = PBXGroup;
			children = (
				EF6CCB1C219C793700EF3A87 /* MSPChartTesting.app */,
			);
			name = Products;
			sourceTree = "<group>";
		};
		EF6CCB1E219C793700EF3A87 /* MSPChartTesting */ = {
			isa = PBXGroup;
			children = (
				EF6CCB1F219C793700EF3A87 /* AppDelegate.h */,
				EF6CCB20219C793700EF3A87 /* AppDelegate.m */,
				EF6CCB22219C793700EF3A87 /* ViewController.h */,
				EF6CCB23219C793700EF3A87 /* ViewController.m */,
				EF6CCB25219C793800EF3A87 /* Assets.xcassets */,
				EF6CCB27219C793800EF3A87 /* Main.storyboard */,
				EF6CCB2A219C793800EF3A87 /* Info.plist */,
				EF6CCB2B219C793800EF3A87 /* main.m */,
				EF6CCB2D219C793800EF3A87 /* MSPChartTesting.entitlements */,
			);
			path = MSPChartTesting;
			sourceTree = "<group>";
		};
/* End PBXGroup section */

/* Begin PBXNativeTarget section */
		EF6CCB1B219C793700EF3A87 /* MSPChartTesting */ = {
			isa = PBXNativeTarget;
			buildConfigurationList = EF6CCB30219C793800EF3A87 /* Build configuration list for PBXNativeTarget "MSPChartTesting" */;
			buildPhases = (
				689974AF400E3ED1341CC80A /* [CP] Check Pods Manifest.lock */,
				EF6CCB18219C793700EF3A87 /* Sources */,
				EF6CCB19219C793700EF3A87 /* Frameworks */,
				EF6CCB1A219C793700EF3A87 /* Resources */,
			);
			buildRules = (
			);
			dependencies = (
			);
			name = MSPChartTesting;
			productName = MSPChartTesting;
			productReference = EF6CCB1C219C793700EF3A87 /* MSPChartTesting.app */;
			productType = "com.apple.product-type.application";
		};
/* End PBXNativeTarget section */

/* Begin PBXProject section */
		EF6CCB14219C793700EF3A87 /* Project object */ = {
			isa = PBXProject;
			attributes = {
				LastUpgradeCheck = 1010;
				ORGANIZATIONNAME = "Roman Kopaliani";
				TargetAttributes = {
					EF6CCB1B219C793700EF3A87 = {
						CreatedOnToolsVersion = 10.1;
						DevelopmentTeam = YT3GCGK3Z7;
						ProvisioningStyle = Automatic;
					};
				};
			};
			buildConfigurationList = EF6CCB17219C793700EF3A87 /* Build configuration list for PBXProject "MSPChartTesting" */;
			compatibilityVersion = "Xcode 3.2";
			developmentRegion = en;
			hasScannedForEncodings = 0;
			knownRegions = (
				en,
				Base,
			);
			mainGroup = EF6CCB13219C793700EF3A87;
			productRefGroup = EF6CCB1D219C793700EF3A87 /* Products */;
			projectDirPath = "";
			projectRoot = "";
			targets = (
				EF6CCB1B219C793700EF3A87 /* MSPChartTesting */,
			);
		};
/* End PBXProject section */

/* Begin PBXResourcesBuildPhase section */
		EF6CCB1A219C793700EF3A87 /* Resources */ = {
			isa = PBXResourcesBuildPhase;
			buildActionMask = 2147483647;
			files = (
				EF6CCB26219C793800EF3A87 /* Assets.xcassets in Resources */,
				EF6CCB29219C793800EF3A87 /* Main.storyboard in Resources */,
			);
			runOnlyForDeploymentPostprocessing = 0;
		};
/* End PBXResourcesBuildPhase section */

/* Begin PBXShellScriptBuildPhase section */
		689974AF400E3ED1341CC80A /* [CP] Check Pods Manifest.lock */ = {
			isa = PBXShellScriptBuildPhase;
			buildActionMask = 2147483647;
			files = (
			);
			inputFileListPaths = (
			);
			inputPaths = (
				"${PODS_PODFILE_DIR_PATH}/Podfile.lock",
				"${PODS_ROOT}/Manifest.lock",
			);
			name = "[CP] Check Pods Manifest.lock";
			outputFileListPaths = (
			);
			outputPaths = (
				"$(DERIVED_FILE_DIR)/Pods-MSPChartTesting-checkManifestLockResult.txt",
			);
			runOnlyForDeploymentPostprocessing = 0;
			shellPath = /bin/sh;
			shellScript = "diff \"${PODS_PODFILE_DIR_PATH}/Podfile.lock\" \"${PODS_ROOT}/Manifest.lock\" > /dev/null\nif [ $? != 0 ] ; then\n    # print error to STDERR\n    echo \"error: The sandbox is not in sync with the Podfile.lock. Run 'pod install' or update your CocoaPods installation.\" >&2\n    exit 1\nfi\n# This output is used by Xcode 'outputs' to avoid re-running this script phase.\necho \"SUCCESS\" > \"${SCRIPT_OUTPUT_FILE_0}\"\n";
			showEnvVarsInLog = 0;
		};
/* End PBXShellScriptBuildPhase section */

/* Begin PBXSourcesBuildPhase section */
		EF6CCB18219C793700EF3A87 /* Sources */ = {
			isa = PBXSourcesBuildPhase;
			buildActionMask = 2147483647;
			files = (
				EF6CCB24219C793700EF3A87 /* ViewController.m in Sources */,
				EF6CCB2C219C793800EF3A87 /* main.m in Sources */,
				EF6CCB21219C793700EF3A87 /* AppDelegate.m in Sources */,
			);
			runOnlyForDeploymentPostprocessing = 0;
		};
/* End PBXSourcesBuildPhase section */

/* Begin PBXVariantGroup section */
		EF6CCB27219C793800EF3A87 /* Main.storyboard */ = {
			isa = PBXVariantGroup;
			children = (
				EF6CCB28219C793800EF3A87 /* Base */,
			);
			name = Main.storyboard;
			sourceTree = "<group>";
		};
/* End PBXVariantGroup section */

/* Begin XCBuildConfiguration section */
		EF6CCB2E219C793800EF3A87 /* Debug */ = {
			isa = XCBuildConfiguration;
			buildSettings = {
				ALWAYS_SEARCH_USER_PATHS = NO;
				CLANG_ANALYZER_NONNULL = YES;
				CLANG_ANALYZER_NUMBER_OBJECT_CONVERSION = YES_AGGRESSIVE;
				CLANG_CXX_LANGUAGE_STANDARD = "gnu++14";
				CLANG_CXX_LIBRARY = "libc++";
				CLANG_ENABLE_MODULES = YES;
				CLANG_ENABLE_OBJC_ARC = YES;
				CLANG_ENABLE_OBJC_WEAK = YES;
				CLANG_WARN_BLOCK_CAPTURE_AUTORELEASING = YES;
				CLANG_WARN_BOOL_CONVERSION = YES;
				CLANG_WARN_COMMA = YES;
				CLANG_WARN_CONSTANT_CONVERSION = YES;
				CLANG_WARN_DEPRECATED_OBJC_IMPLEMENTATIONS = YES;
				CLANG_WARN_DIRECT_OBJC_ISA_USAGE = YES_ERROR;
				CLANG_WARN_DOCUMENTATION_COMMENTS = YES;
				CLANG_WARN_EMPTY_BODY = YES;
				CLANG_WARN_ENUM_CONVERSION = YES;
				CLANG_WARN_INFINITE_RECURSION = YES;
				CLANG_WARN_INT_CONVERSION = YES;
				CLANG_WARN_NON_LITERAL_NULL_CONVERSION = YES;
				CLANG_WARN_OBJC_IMPLICIT_RETAIN_SELF = YES;
				CLANG_WARN_OBJC_LITERAL_CONVERSION = YES;
				CLANG_WARN_OBJC_ROOT_CLASS = YES_ERROR;
				CLANG_WARN_RANGE_LOOP_ANALYSIS = YES;
				CLANG_WARN_STRICT_PROTOTYPES = YES;
				CLANG_WARN_SUSPICIOUS_MOVE = YES;
				CLANG_WARN_UNGUARDED_AVAILABILITY = YES_AGGRESSIVE;
				CLANG_WARN_UNREACHABLE_CODE = YES;
				CLANG_WARN__DUPLICATE_METHOD_MATCH = YES;
				CODE_SIGN_IDENTITY = "Mac Developer";
				COPY_PHASE_STRIP = NO;
				DEBUG_INFORMATION_FORMAT = dwarf;
				ENABLE_STRICT_OBJC_MSGSEND = YES;
				ENABLE_TESTABILITY = YES;
				GCC_C_LANGUAGE_STANDARD = gnu11;
				GCC_DYNAMIC_NO_PIC = NO;
				GCC_NO_COMMON_BLOCKS = YES;
				GCC_OPTIMIZATION_LEVEL = 0;
				GCC_PREPROCESSOR_DEFINITIONS = (
					"DEBUG=1",
					"$(inherited)",
				);
				GCC_WARN_64_TO_32_BIT_CONVERSION = YES;
				GCC_WARN_ABOUT_RETURN_TYPE = YES_ERROR;
				GCC_WARN_UNDECLARED_SELECTOR = YES;
				GCC_WARN_UNINITIALIZED_AUTOS = YES_AGGRESSIVE;
				GCC_WARN_UNUSED_FUNCTION = YES;
				GCC_WARN_UNUSED_VARIABLE = YES;
				MACOSX_DEPLOYMENT_TARGET = 10.13;
				MTL_ENABLE_DEBUG_INFO = INCLUDE_SOURCE;
				MTL_FAST_MATH = YES;
				ONLY_ACTIVE_ARCH = YES;
				SDKROOT = macosx;
			};
			name = Debug;
		};
		EF6CCB2F219C793800EF3A87 /* Release */ = {
			isa = XCBuildConfiguration;
			buildSettings = {
				ALWAYS_SEARCH_USER_PATHS = NO;
				CLANG_ANALYZER_NONNULL = YES;
				CLANG_ANALYZER_NUMBER_OBJECT_CONVERSION = YES_AGGRESSIVE;
				CLANG_CXX_LANGUAGE_STANDARD = "gnu++14";
				CLANG_CXX_LIBRARY = "libc++";
				CLANG_ENABLE_MODULES = YES;
				CLANG_ENABLE_OBJC_ARC = YES;
				CLANG_ENABLE_OBJC_WEAK = YES;
				CLANG_WARN_BLOCK_CAPTURE_AUTORELEASING = YES;
				CLANG_WARN_BOOL_CONVERSION = YES;
				CLANG_WARN_COMMA = YES;
				CLANG_WARN_CONSTANT_CONVERSION = YES;
				CLANG_WARN_DEPRECATED_OBJC_IMPLEMENTATIONS = YES;
				CLANG_WARN_DIRECT_OBJC_ISA_USAGE = YES_ERROR;
				CLANG_WARN_DOCUMENTATION_COMMENTS = YES;
				CLANG_WARN_EMPTY_BODY = YES;
				CLANG_WARN_ENUM_CONVERSION = YES;
				CLANG_WARN_INFINITE_RECURSION = YES;
				CLANG_WARN_INT_CONVERSION = YES;
				CLANG_WARN_NON_LITERAL_NULL_CONVERSION = YES;
				CLANG_WARN_OBJC_IMPLICIT_RETAIN_SELF = YES;
				CLANG_WARN_OBJC_LITERAL_CONVERSION = YES;
				CLANG_WARN_OBJC_ROOT_CLASS = YES_ERROR;
				CLANG_WARN_RANGE_LOOP_ANALYSIS = YES;
				CLANG_WARN_STRICT_PROTOTYPES = YES;
				CLANG_WARN_SUSPICIOUS_MOVE = YES;
				CLANG_WARN_UNGUARDED_AVAILABILITY = YES_AGGRESSIVE;
				CLANG_WARN_UNREACHABLE_CODE = YES;
				CLANG_WARN__DUPLICATE_METHOD_MATCH = YES;
				CODE_SIGN_IDENTITY = "Mac Developer";
				COPY_PHASE_STRIP = NO;
				DEBUG_INFORMATION_FORMAT = "dwarf-with-dsym";
				ENABLE_NS_ASSERTIONS = NO;
				ENABLE_STRICT_OBJC_MSGSEND = YES;
				GCC_C_LANGUAGE_STANDARD = gnu11;
				GCC_NO_COMMON_BLOCKS = YES;
				GCC_WARN_64_TO_32_BIT_CONVERSION = YES;
				GCC_WARN_ABOUT_RETURN_TYPE = YES_ERROR;
				GCC_WARN_UNDECLARED_SELECTOR = YES;
				GCC_WARN_UNINITIALIZED_AUTOS = YES_AGGRESSIVE;
				GCC_WARN_UNUSED_FUNCTION = YES;
				GCC_WARN_UNUSED_VARIABLE = YES;
				MACOSX_DEPLOYMENT_TARGET = 10.13;
				MTL_ENABLE_DEBUG_INFO = NO;
				MTL_FAST_MATH = YES;
				SDKROOT = macosx;
			};
			name = Release;
		};
		EF6CCB31219C793800EF3A87 /* Debug */ = {
			isa = XCBuildConfiguration;
			baseConfigurationReference = 9298135EED223D51D05C53F7 /* Pods-MSPChartTesting.debug.xcconfig */;
			buildSettings = {
				ASSETCATALOG_COMPILER_APPICON_NAME = AppIcon;
				CODE_SIGN_ENTITLEMENTS = MSPChartTesting/MSPChartTesting.entitlements;
				CODE_SIGN_STYLE = Automatic;
				COMBINE_HIDPI_IMAGES = YES;
				DEVELOPMENT_TEAM = YT3GCGK3Z7;
				INFOPLIST_FILE = MSPChartTesting/Info.plist;
				LD_RUNPATH_SEARCH_PATHS = "$(inherited) @executable_path/../Frameworks";
				PRODUCT_BUNDLE_IDENTIFIER = com.beanywhere.MSPChartTesting;
				PRODUCT_NAME = "$(TARGET_NAME)";
			};
			name = Debug;
		};
		EF6CCB32219C793800EF3A87 /* Release */ = {
			isa = XCBuildConfiguration;
			baseConfigurationReference = 8FF729B0B099AC81E05A6B72 /* Pods-MSPChartTesting.release.xcconfig */;
			buildSettings = {
				ASSETCATALOG_COMPILER_APPICON_NAME = AppIcon;
				CODE_SIGN_ENTITLEMENTS = MSPChartTesting/MSPChartTesting.entitlements;
				CODE_SIGN_STYLE = Automatic;
				COMBINE_HIDPI_IMAGES = YES;
				DEVELOPMENT_TEAM = YT3GCGK3Z7;
				INFOPLIST_FILE = MSPChartTesting/Info.plist;
				LD_RUNPATH_SEARCH_PATHS = "$(inherited) @executable_path/../Frameworks";
				PRODUCT_BUNDLE_IDENTIFIER = com.beanywhere.MSPChartTesting;
				PRODUCT_NAME = "$(TARGET_NAME)";
			};
			name = Release;
		};
/* End XCBuildConfiguration section */

/* Begin XCConfigurationList section */
		EF6CCB17219C793700EF3A87 /* Build configuration list for PBXProject "MSPChartTesting" */ = {
			isa = XCConfigurationList;
			buildConfigurations = (
				EF6CCB2E219C793800EF3A87 /* Debug */,
				EF6CCB2F219C793800EF3A87 /* Release */,
			);
			defaultConfigurationIsVisible = 0;
			defaultConfigurationName = Release;
		};
		EF6CCB30219C793800EF3A87 /* Build configuration list for PBXNativeTarget "MSPChartTesting" */ = {
			isa = XCConfigurationList;
			buildConfigurations = (
				EF6CCB31219C793800EF3A87 /* Debug */,
				EF6CCB32219C793800EF3A87 /* Release */,
			);
			defaultConfigurationIsVisible = 0;
			defaultConfigurationName = Release;
		};
/* End XCConfigurationList section */
	};
	rootObject = EF6CCB14219C793700EF3A87 /* Project object */;
}
